// !$*UTF8*$!
{
	archiveVersion = 1;
	classes = {
	};
	objectVersion = 50;
	objects = {

/* Begin PBXBuildFile section */
		2EFCA70C2266611F00603318 /* AppDelegate.swift in Sources */ = {isa = PBXBuildFile; fileRef = 2EFCA70B2266611F00603318 /* AppDelegate.swift */; };
		2EFCA7112266611F00603318 /* Main.storyboard in Resources */ = {isa = PBXBuildFile; fileRef = 2EFCA70F2266611F00603318 /* Main.storyboard */; };
		2EFCA7132266612000603318 /* Assets.xcassets in Resources */ = {isa = PBXBuildFile; fileRef = 2EFCA7122266612000603318 /* Assets.xcassets */; };
		2EFCA7162266612000603318 /* LaunchScreen.storyboard in Resources */ = {isa = PBXBuildFile; fileRef = 2EFCA7142266612000603318 /* LaunchScreen.storyboard */; };
		2EFCA71E2266613A00603318 /* InventoryViewController.swift in Sources */ = {isa = PBXBuildFile; fileRef = 2EFCA71D2266613A00603318 /* InventoryViewController.swift */; };
		2EFCA72222668DDD00603318 /* Inventory.swift in Sources */ = {isa = PBXBuildFile; fileRef = 2EFCA72122668DDD00603318 /* Inventory.swift */; };
		2EFCA72422668DED00603318 /* InventoryLoader.swift in Sources */ = {isa = PBXBuildFile; fileRef = 2EFCA72322668DED00603318 /* InventoryLoader.swift */; };
		2EFCA726226693FD00603318 /* ProductViewController.swift in Sources */ = {isa = PBXBuildFile; fileRef = 2EFCA725226693FD00603318 /* ProductViewController.swift */; };
		2EFCA72D2266B07C00603318 /* invent.json in Resources */ = {isa = PBXBuildFile; fileRef = 2EFCA72C2266B07C00603318 /* invent.json */; };
		2EFCA72F227B2C8100603318 /* inventory.json in Resources */ = {isa = PBXBuildFile; fileRef = 2EFCA72E227B2C8100603318 /* inventory.json */; };
/* End PBXBuildFile section */

/* Begin PBXFileReference section */
		2EFCA7082266611F00603318 /* Inventory.app */ = {isa = PBXFileReference; explicitFileType = wrapper.application; includeInIndex = 0; path = Inventory.app; sourceTree = BUILT_PRODUCTS_DIR; };
		2EFCA70B2266611F00603318 /* AppDelegate.swift */ = {isa = PBXFileReference; lastKnownFileType = sourcecode.swift; path = AppDelegate.swift; sourceTree = "<group>"; };
		2EFCA7102266611F00603318 /* Base */ = {isa = PBXFileReference; lastKnownFileType = file.storyboard; name = Base; path = Base.lproj/Main.storyboard; sourceTree = "<group>"; };
		2EFCA7122266612000603318 /* Assets.xcassets */ = {isa = PBXFileReference; lastKnownFileType = folder.assetcatalog; path = Assets.xcassets; sourceTree = "<group>"; };
		2EFCA7152266612000603318 /* Base */ = {isa = PBXFileReference; lastKnownFileType = file.storyboard; name = Base; path = Base.lproj/LaunchScreen.storyboard; sourceTree = "<group>"; };
		2EFCA7172266612000603318 /* Info.plist */ = {isa = PBXFileReference; lastKnownFileType = text.plist.xml; path = Info.plist; sourceTree = "<group>"; };
		2EFCA71D2266613A00603318 /* InventoryViewController.swift */ = {isa = PBXFileReference; lastKnownFileType = sourcecode.swift; path = InventoryViewController.swift; sourceTree = "<group>"; };
		2EFCA72122668DDD00603318 /* Inventory.swift */ = {isa = PBXFileReference; lastKnownFileType = sourcecode.swift; path = Inventory.swift; sourceTree = "<group>"; };
		2EFCA72322668DED00603318 /* InventoryLoader.swift */ = {isa = PBXFileReference; lastKnownFileType = sourcecode.swift; path = InventoryLoader.swift; sourceTree = "<group>"; };
		2EFCA725226693FD00603318 /* ProductViewController.swift */ = {isa = PBXFileReference; lastKnownFileType = sourcecode.swift; path = ProductViewController.swift; sourceTree = "<group>"; };
		2EFCA72C2266B07C00603318 /* invent.json */ = {isa = PBXFileReference; fileEncoding = 4; lastKnownFileType = text.json; path = invent.json; sourceTree = "<group>"; };
		2EFCA72E227B2C8100603318 /* inventory.json */ = {isa = PBXFileReference; fileEncoding = 4; lastKnownFileType = text.json; path = inventory.json; sourceTree = "<group>"; };
/* End PBXFileReference section */

/* Begin PBXFrameworksBuildPhase section */
		2EFCA7052266611F00603318 /* Frameworks */ = {
			isa = PBXFrameworksBuildPhase;
			buildActionMask = 2147483647;
			files = (
			);
			runOnlyForDeploymentPostprocessing = 0;
		};
/* End PBXFrameworksBuildPhase section */

/* Begin PBXGroup section */
		2EFCA6FF2266611F00603318 = {
			isa = PBXGroup;
			children = (
				2EFCA70A2266611F00603318 /* Inventory */,
				2EFCA7092266611F00603318 /* Products */,
			);
			sourceTree = "<group>";
		};
		2EFCA7092266611F00603318 /* Products */ = {
			isa = PBXGroup;
			children = (
				2EFCA7082266611F00603318 /* Inventory.app */,
			);
			name = Products;
			sourceTree = "<group>";
		};
		2EFCA70A2266611F00603318 /* Inventory */ = {
			isa = PBXGroup;
			children = (
				2EFCA71D2266613A00603318 /* InventoryViewController.swift */,
				2EFCA72E227B2C8100603318 /* inventory.json */,
				2EFCA725226693FD00603318 /* ProductViewController.swift */,
				2EFCA72122668DDD00603318 /* Inventory.swift */,
				2EFCA72322668DED00603318 /* InventoryLoader.swift */,
				2EFCA70F2266611F00603318 /* Main.storyboard */,
				2EFCA72C2266B07C00603318 /* invent.json */,
				2EFCA70B2266611F00603318 /* AppDelegate.swift */,
				2EFCA7122266612000603318 /* Assets.xcassets */,
				2EFCA7142266612000603318 /* LaunchScreen.storyboard */,
				2EFCA7172266612000603318 /* Info.plist */,
			);
			path = Inventory;
			sourceTree = "<group>";
		};
/* End PBXGroup section */

/* Begin PBXNativeTarget section */
		2EFCA7072266611F00603318 /* Inventory */ = {
			isa = PBXNativeTarget;
			buildConfigurationList = 2EFCA71A2266612000603318 /* Build configuration list for PBXNativeTarget "Inventory" */;
			buildPhases = (
				2EFCA7042266611F00603318 /* Sources */,
				2EFCA7052266611F00603318 /* Frameworks */,
				2EFCA7062266611F00603318 /* Resources */,
			);
			buildRules = (
			);
			dependencies = (
			);
			name = Inventory;
			productName = Inventory;
			productReference = 2EFCA7082266611F00603318 /* Inventory.app */;
			productType = "com.apple.product-type.application";
		};
/* End PBXNativeTarget section */

/* Begin PBXProject section */
		2EFCA7002266611F00603318 /* Project object */ = {
			isa = PBXProject;
			attributes = {
				LastSwiftUpdateCheck = 1020;
				LastUpgradeCheck = 1020;
				ORGANIZATIONNAME = "Zachary Pierucci";
				TargetAttributes = {
					2EFCA7072266611F00603318 = {
						CreatedOnToolsVersion = 10.2;
					};
				};
			};
			buildConfigurationList = 2EFCA7032266611F00603318 /* Build configuration list for PBXProject "Inventory" */;
			compatibilityVersion = "Xcode 9.3";
			developmentRegion = en;
			hasScannedForEncodings = 0;
			knownRegions = (
				en,
				Base,
			);
			mainGroup = 2EFCA6FF2266611F00603318;
			productRefGroup = 2EFCA7092266611F00603318 /* Products */;
			projectDirPath = "";
			projectRoot = "";
			targets = (
				2EFCA7072266611F00603318 /* Inventory */,
			);
		};
/* End PBXProject section */

/* Begin PBXResourcesBuildPhase section */
		2EFCA7062266611F00603318 /* Resources */ = {
			isa = PBXResourcesBuildPhase;
			buildActionMask = 2147483647;
			files = (
				2EFCA72D2266B07C00603318 /* invent.json in Resources */,
				2EFCA7162266612000603318 /* LaunchScreen.storyboard in Resources */,
				2EFCA72F227B2C8100603318 /* inventory.json in Resources */,
				2EFCA7132266612000603318 /* Assets.xcassets in Resources */,
				2EFCA7112266611F00603318 /* Main.storyboard in Resources */,
			);
			runOnlyForDeploymentPostprocessing = 0;
		};
/* End PBXResourcesBuildPhase section */

/* Begin PBXSourcesBuildPhase section */
		2EFCA7042266611F00603318 /* Sources */ = {
			isa = PBXSourcesBuildPhase;
			buildActionMask = 2147483647;
			files = (
				2EFCA72222668DDD00603318 /* Inventory.swift in Sources */,
				2EFCA72422668DED00603318 /* InventoryLoader.swift in Sources */,
				2EFCA70C2266611F00603318 /* AppDelegate.swift in Sources */,
				2EFCA726226693FD00603318 /* ProductViewController.swift in Sources */,
				2EFCA71E2266613A00603318 /* InventoryViewController.swift in Sources */,
			);
			runOnlyForDeploymentPostprocessing = 0;
		};
/* End PBXSourcesBuildPhase section */

/* Begin PBXVariantGroup section */
		2EFCA70F2266611F00603318 /* Main.storyboard */ = {
			isa = PBXVariantGroup;
			children = (
				2EFCA7102266611F00603318 /* Base */,
			);
			name = Main.storyboard;
			sourceTree = "<group>";
		};
		2EFCA7142266612000603318 /* LaunchScreen.storyboard */ = {
			isa = PBXVariantGroup;
			children = (
				2EFCA7152266612000603318 /* Base */,
			);
			name = LaunchScreen.storyboard;
			sourceTree = "<group>";
		};
/* End PBXVariantGroup section */

/* Begin XCBuildConfiguration section */
		2EFCA7182266612000603318 /* Debug */ = {
			isa = XCBuildConfiguration;
			buildSettings = {
				ALWAYS_SEARCH_USER_PATHS = NO;
				CLANG_ANALYZER_NONNULL = YES;
				CLANG_ANALYZER_NUMBER_OBJECT_CONVERSION = YES_AGGRESSIVE;
				CLANG_CXX_LANGUAGE_STANDARD = "gnu++14";
				CLANG_CXX_LIBRARY = "libc++";
				CLANG_ENABLE_MODULES = YES;
				CLANG_ENABLE_OBJC_ARC = YES;
				CLANG_ENABLE_OBJC_WEAK = YES;
				CLANG_WARN_BLOCK_CAPTURE_AUTORELEASING = YES;
				CLANG_WARN_BOOL_CONVERSION = YES;
				CLANG_WARN_COMMA = YES;
				CLANG_WARN_CONSTANT_CONVERSION = YES;
				CLANG_WARN_DEPRECATED_OBJC_IMPLEMENTATIONS = YES;
				CLANG_WARN_DIRECT_OBJC_ISA_USAGE = YES_ERROR;
				CLANG_WARN_DOCUMENTATION_COMMENTS = YES;
				CLANG_WARN_EMPTY_BODY = YES;
				CLANG_WARN_ENUM_CONVERSION = YES;
				CLANG_WARN_INFINITE_RECURSION = YES;
				CLANG_WARN_INT_CONVERSION = YES;
				CLANG_WARN_NON_LITERAL_NULL_CONVERSION = YES;
				CLANG_WARN_OBJC_IMPLICIT_RETAIN_SELF = YES;
				CLANG_WARN_OBJC_LITERAL_CONVERSION = YES;
				CLANG_WARN_OBJC_ROOT_CLASS = YES_ERROR;
				CLANG_WARN_RANGE_LOOP_ANALYSIS = YES;
				CLANG_WARN_STRICT_PROTOTYPES = YES;
				CLANG_WARN_SUSPICIOUS_MOVE = YES;
				CLANG_WARN_UNGUARDED_AVAILABILITY = YES_AGGRESSIVE;
				CLANG_WARN_UNREACHABLE_CODE = YES;
				CLANG_WARN__DUPLICATE_METHOD_MATCH = YES;
				CODE_SIGN_IDENTITY = "iPhone Developer";
				COPY_PHASE_STRIP = NO;
				DEBUG_INFORMATION_FORMAT = dwarf;
				ENABLE_STRICT_OBJC_MSGSEND = YES;
				ENABLE_TESTABILITY = YES;
				GCC_C_LANGUAGE_STANDARD = gnu11;
				GCC_DYNAMIC_NO_PIC = NO;
				GCC_NO_COMMON_BLOCKS = YES;
				GCC_OPTIMIZATION_LEVEL = 0;
				GCC_PREPROCESSOR_DEFINITIONS = (
					"DEBUG=1",
					"$(inherited)",
				);
				GCC_WARN_64_TO_32_BIT_CONVERSION = YES;
				GCC_WARN_ABOUT_RETURN_TYPE = YES_ERROR;
				GCC_WARN_UNDECLARED_SELECTOR = YES;
				GCC_WARN_UNINITIALIZED_AUTOS = YES_AGGRESSIVE;
				GCC_WARN_UNUSED_FUNCTION = YES;
				GCC_WARN_UNUSED_VARIABLE = YES;
				IPHONEOS_DEPLOYMENT_TARGET = 12.2;
				MTL_ENABLE_DEBUG_INFO = INCLUDE_SOURCE;
				MTL_FAST_MATH = YES;
				ONLY_ACTIVE_ARCH = YES;
				SDKROOT = iphoneos;
				SWIFT_ACTIVE_COMPILATION_CONDITIONS = DEBUG;
				SWIFT_OPTIMIZATION_LEVEL = "-Onone";
			};
			name = Debug;
		};
		2EFCA7192266612000603318 /* Release */ = {
			isa = XCBuildConfiguration;
			buildSettings = {
				ALWAYS_SEARCH_USER_PATHS = NO;
				CLANG_ANALYZER_NONNULL = YES;
				CLANG_ANALYZER_NUMBER_OBJECT_CONVERSION = YES_AGGRESSIVE;
				CLANG_CXX_LANGUAGE_STANDARD = "gnu++14";
				CLANG_CXX_LIBRARY = "libc++";
				CLANG_ENABLE_MODULES = YES;
				CLANG_ENABLE_OBJC_ARC = YES;
				CLANG_ENABLE_OBJC_WEAK = YES;
				CLANG_WARN_BLOCK_CAPTURE_AUTORELEASING = YES;
				CLANG_WARN_BOOL_CONVERSION = YES;
				CLANG_WARN_COMMA = YES;
				CLANG_WARN_CONSTANT_CONVERSION = YES;
				CLANG_WARN_DEPRECATED_OBJC_IMPLEMENTATIONS = YES;
				CLANG_WARN_DIRECT_OBJC_ISA_USAGE = YES_ERROR;
				CLANG_WARN_DOCUMENTATION_COMMENTS = YES;
				CLANG_WARN_EMPTY_BODY = YES;
				CLANG_WARN_ENUM_CONVERSION = YES;
				CLANG_WARN_INFINITE_RECURSION = YES;
				CLANG_WARN_INT_CONVERSION = YES;
				CLANG_WARN_NON_LITERAL_NULL_CONVERSION = YES;
				CLANG_WARN_OBJC_IMPLICIT_RETAIN_SELF = YES;
				CLANG_WARN_OBJC_LITERAL_CONVERSION = YES;
				CLANG_WARN_OBJC_ROOT_CLASS = YES_ERROR;
				CLANG_WARN_RANGE_LOOP_ANALYSIS = YES;
				CLANG_WARN_STRICT_PROTOTYPES = YES;
				CLANG_WARN_SUSPICIOUS_MOVE = YES;
				CLANG_WARN_UNGUARDED_AVAILABILITY = YES_AGGRESSIVE;
				CLANG_WARN_UNREACHABLE_CODE = YES;
				CLANG_WARN__DUPLICATE_METHOD_MATCH = YES;
				CODE_SIGN_IDENTITY = "iPhone Developer";
				COPY_PHASE_STRIP = NO;
				DEBUG_INFORMATION_FORMAT = "dwarf-with-dsym";
				ENABLE_NS_ASSERTIONS = NO;
				ENABLE_STRICT_OBJC_MSGSEND = YES;
				GCC_C_LANGUAGE_STANDARD = gnu11;
				GCC_NO_COMMON_BLOCKS = YES;
				GCC_WARN_64_TO_32_BIT_CONVERSION = YES;
				GCC_WARN_ABOUT_RETURN_TYPE = YES_ERROR;
				GCC_WARN_UNDECLARED_SELECTOR = YES;
				GCC_WARN_UNINITIALIZED_AUTOS = YES_AGGRESSIVE;
				GCC_WARN_UNUSED_FUNCTION = YES;
				GCC_WARN_UNUSED_VARIABLE = YES;
				IPHONEOS_DEPLOYMENT_TARGET = 12.2;
				MTL_ENABLE_DEBUG_INFO = NO;
				MTL_FAST_MATH = YES;
				SDKROOT = iphoneos;
				SWIFT_COMPILATION_MODE = wholemodule;
				SWIFT_OPTIMIZATION_LEVEL = "-O";
				VALIDATE_PRODUCT = YES;
			};
			name = Release;
		};
		2EFCA71B2266612000603318 /* Debug */ = {
			isa = XCBuildConfiguration;
			buildSettings = {
				ASSETCATALOG_COMPILER_APPICON_NAME = AppIcon;
				CODE_SIGN_STYLE = Automatic;
				DEVELOPMENT_TEAM = 4FNJNUQ3AD;
				INFOPLIST_FILE = Inventory/Info.plist;
				LD_RUNPATH_SEARCH_PATHS = (
					"$(inherited)",
					"@executable_path/Frameworks",
				);
				PRODUCT_BUNDLE_IDENTIFIER = com.znpcp5.Inventory;
				PRODUCT_NAME = "$(TARGET_NAME)";
				SWIFT_VERSION = 5.0;
				TARGETED_DEVICE_FAMILY = "1,2";
			};
			name = Debug;
		};
		2EFCA71C2266612000603318 /* Release */ = {
			isa = XCBuildConfiguration;
			buildSettings = {
				ASSETCATALOG_COMPILER_APPICON_NAME = AppIcon;
				CODE_SIGN_STYLE = Automatic;
				DEVELOPMENT_TEAM = 4FNJNUQ3AD;
				INFOPLIST_FILE = Inventory/Info.plist;
				LD_RUNPATH_SEARCH_PATHS = (
					"$(inherited)",
					"@executable_path/Frameworks",
				);
				PRODUCT_BUNDLE_IDENTIFIER = com.znpcp5.Inventory;
				PRODUCT_NAME = "$(TARGET_NAME)";
				SWIFT_VERSION = 5.0;
				TARGETED_DEVICE_FAMILY = "1,2";
			};
			name = Release;
		};
/* End XCBuildConfiguration section */

/* Begin XCConfigurationList section */
		2EFCA7032266611F00603318 /* Build configuration list for PBXProject "Inventory" */ = {
			isa = XCConfigurationList;
			buildConfigurations = (
				2EFCA7182266612000603318 /* Debug */,
				2EFCA7192266612000603318 /* Release */,
			);
			defaultConfigurationIsVisible = 0;
			defaultConfigurationName = Release;
		};
		2EFCA71A2266612000603318 /* Build configuration list for PBXNativeTarget "Inventory" */ = {
			isa = XCConfigurationList;
			buildConfigurations = (
				2EFCA71B2266612000603318 /* Debug */,
				2EFCA71C2266612000603318 /* Release */,
			);
			defaultConfigurationIsVisible = 0;
			defaultConfigurationName = Release;
		};
/* End XCConfigurationList section */
	};
	rootObject = 2EFCA7002266611F00603318 /* Project object */;
}
